// !$*UTF8*$!
{
	archiveVersion = 1;
	classes = {
	};
	objectVersion = 56;
	objects = {

/* Begin PBXBuildFile section */
		9350164C2C490F50004D7036 /* WeatherView.swift in Sources */ = {isa = PBXBuildFile; fileRef = 9350164B2C490F50004D7036 /* WeatherView.swift */; };
		935016502C4914A7004D7036 /* ModelData.swift in Sources */ = {isa = PBXBuildFile; fileRef = 9350164F2C4914A7004D7036 /* ModelData.swift */; };
		935016522C4914E7004D7036 /* weatherData.json in Resources */ = {isa = PBXBuildFile; fileRef = 935016512C4914E7004D7036 /* weatherData.json */; };
		935016542C49186D004D7036 /* Extensions.swift in Sources */ = {isa = PBXBuildFile; fileRef = 935016532C49186D004D7036 /* Extensions.swift */; };
		935016572C493F1D004D7036 /* WeatherRow.swift in Sources */ = {isa = PBXBuildFile; fileRef = 935016562C493F1D004D7036 /* WeatherRow.swift */; };
		9397B7172C47F39600633C50 /* LocationManager.swift in Sources */ = {isa = PBXBuildFile; fileRef = 9397B7162C47F39600633C50 /* LocationManager.swift */; };
		9397B71A2C47F64700633C50 /* WelcomeView.swift in Sources */ = {isa = PBXBuildFile; fileRef = 9397B7192C47F64600633C50 /* WelcomeView.swift */; };
		9397B71C2C4806A600633C50 /* LoadingView.swift in Sources */ = {isa = PBXBuildFile; fileRef = 9397B71B2C4806A600633C50 /* LoadingView.swift */; };
		9397B71E2C480D3300633C50 /* WeatherManager.swift in Sources */ = {isa = PBXBuildFile; fileRef = 9397B71D2C480D3300633C50 /* WeatherManager.swift */; };
		93B41D982C16EDA600D85DD6 /* weatherApp.swift in Sources */ = {isa = PBXBuildFile; fileRef = 93B41D972C16EDA600D85DD6 /* weatherApp.swift */; };
		93B41D9A2C16EDA600D85DD6 /* ContentView.swift in Sources */ = {isa = PBXBuildFile; fileRef = 93B41D992C16EDA600D85DD6 /* ContentView.swift */; };
		93B41D9C2C16EDA700D85DD6 /* Assets.xcassets in Resources */ = {isa = PBXBuildFile; fileRef = 93B41D9B2C16EDA700D85DD6 /* Assets.xcassets */; };
		93B41D9F2C16EDA700D85DD6 /* Preview Assets.xcassets in Resources */ = {isa = PBXBuildFile; fileRef = 93B41D9E2C16EDA700D85DD6 /* Preview Assets.xcassets */; };
		93B41DA92C16EDA800D85DD6 /* weatherTests.swift in Sources */ = {isa = PBXBuildFile; fileRef = 93B41DA82C16EDA800D85DD6 /* weatherTests.swift */; };
		93B41DB32C16EDA800D85DD6 /* weatherUITests.swift in Sources */ = {isa = PBXBuildFile; fileRef = 93B41DB22C16EDA800D85DD6 /* weatherUITests.swift */; };
		93B41DB52C16EDA800D85DD6 /* weatherUITestsLaunchTests.swift in Sources */ = {isa = PBXBuildFile; fileRef = 93B41DB42C16EDA800D85DD6 /* weatherUITestsLaunchTests.swift */; };
/* End PBXBuildFile section */

/* Begin PBXContainerItemProxy section */
		93B41DA52C16EDA800D85DD6 /* PBXContainerItemProxy */ = {
			isa = PBXContainerItemProxy;
			containerPortal = 93B41D8C2C16EDA500D85DD6 /* Project object */;
			proxyType = 1;
			remoteGlobalIDString = 93B41D932C16EDA500D85DD6;
			remoteInfo = weather;
		};
		93B41DAF2C16EDA800D85DD6 /* PBXContainerItemProxy */ = {
			isa = PBXContainerItemProxy;
			containerPortal = 93B41D8C2C16EDA500D85DD6 /* Project object */;
			proxyType = 1;
			remoteGlobalIDString = 93B41D932C16EDA500D85DD6;
			remoteInfo = weather;
		};
/* End PBXContainerItemProxy section */

/* Begin PBXFileReference section */
		9350164B2C490F50004D7036 /* WeatherView.swift */ = {isa = PBXFileReference; lastKnownFileType = sourcecode.swift; path = WeatherView.swift; sourceTree = "<group>"; };
		9350164F2C4914A7004D7036 /* ModelData.swift */ = {isa = PBXFileReference; lastKnownFileType = sourcecode.swift; path = ModelData.swift; sourceTree = "<group>"; };
		935016512C4914E7004D7036 /* weatherData.json */ = {isa = PBXFileReference; lastKnownFileType = text.json; path = weatherData.json; sourceTree = "<group>"; };
		935016532C49186D004D7036 /* Extensions.swift */ = {isa = PBXFileReference; lastKnownFileType = sourcecode.swift; path = Extensions.swift; sourceTree = "<group>"; };
		935016562C493F1D004D7036 /* WeatherRow.swift */ = {isa = PBXFileReference; lastKnownFileType = sourcecode.swift; path = WeatherRow.swift; sourceTree = "<group>"; };
		9397B7162C47F39600633C50 /* LocationManager.swift */ = {isa = PBXFileReference; lastKnownFileType = sourcecode.swift; path = LocationManager.swift; sourceTree = "<group>"; };
		9397B7192C47F64600633C50 /* WelcomeView.swift */ = {isa = PBXFileReference; lastKnownFileType = sourcecode.swift; path = WelcomeView.swift; sourceTree = "<group>"; };
		9397B71B2C4806A600633C50 /* LoadingView.swift */ = {isa = PBXFileReference; lastKnownFileType = sourcecode.swift; path = LoadingView.swift; sourceTree = "<group>"; };
		9397B71D2C480D3300633C50 /* WeatherManager.swift */ = {isa = PBXFileReference; lastKnownFileType = sourcecode.swift; path = WeatherManager.swift; sourceTree = "<group>"; };
		93B41D942C16EDA500D85DD6 /* weather.app */ = {isa = PBXFileReference; explicitFileType = wrapper.application; includeInIndex = 0; path = weather.app; sourceTree = BUILT_PRODUCTS_DIR; };
		93B41D972C16EDA600D85DD6 /* weatherApp.swift */ = {isa = PBXFileReference; lastKnownFileType = sourcecode.swift; path = weatherApp.swift; sourceTree = "<group>"; };
		93B41D992C16EDA600D85DD6 /* ContentView.swift */ = {isa = PBXFileReference; lastKnownFileType = sourcecode.swift; path = ContentView.swift; sourceTree = "<group>"; };
		93B41D9B2C16EDA700D85DD6 /* Assets.xcassets */ = {isa = PBXFileReference; lastKnownFileType = folder.assetcatalog; path = Assets.xcassets; sourceTree = "<group>"; };
		93B41D9E2C16EDA700D85DD6 /* Preview Assets.xcassets */ = {isa = PBXFileReference; lastKnownFileType = folder.assetcatalog; path = "Preview Assets.xcassets"; sourceTree = "<group>"; };
		93B41DA42C16EDA800D85DD6 /* weatherTests.xctest */ = {isa = PBXFileReference; explicitFileType = wrapper.cfbundle; includeInIndex = 0; path = weatherTests.xctest; sourceTree = BUILT_PRODUCTS_DIR; };
		93B41DA82C16EDA800D85DD6 /* weatherTests.swift */ = {isa = PBXFileReference; lastKnownFileType = sourcecode.swift; path = weatherTests.swift; sourceTree = "<group>"; };
		93B41DAE2C16EDA800D85DD6 /* weatherUITests.xctest */ = {isa = PBXFileReference; explicitFileType = wrapper.cfbundle; includeInIndex = 0; path = weatherUITests.xctest; sourceTree = BUILT_PRODUCTS_DIR; };
		93B41DB22C16EDA800D85DD6 /* weatherUITests.swift */ = {isa = PBXFileReference; lastKnownFileType = sourcecode.swift; path = weatherUITests.swift; sourceTree = "<group>"; };
		93B41DB42C16EDA800D85DD6 /* weatherUITestsLaunchTests.swift */ = {isa = PBXFileReference; lastKnownFileType = sourcecode.swift; path = weatherUITestsLaunchTests.swift; sourceTree = "<group>"; };
/* End PBXFileReference section */

/* Begin PBXFrameworksBuildPhase section */
		93B41D912C16EDA500D85DD6 /* Frameworks */ = {
			isa = PBXFrameworksBuildPhase;
			buildActionMask = 2147483647;
			files = (
			);
			runOnlyForDeploymentPostprocessing = 0;
		};
		93B41DA12C16EDA800D85DD6 /* Frameworks */ = {
			isa = PBXFrameworksBuildPhase;
			buildActionMask = 2147483647;
			files = (
			);
			runOnlyForDeploymentPostprocessing = 0;
		};
		93B41DAB2C16EDA800D85DD6 /* Frameworks */ = {
			isa = PBXFrameworksBuildPhase;
			buildActionMask = 2147483647;
			files = (
			);
			runOnlyForDeploymentPostprocessing = 0;
		};
/* End PBXFrameworksBuildPhase section */

/* Begin PBXGroup section */
		9324F51E2C495E8C00099450 /* screenshots */ = {
			isa = PBXGroup;
			children = (
			);
			path = screenshots;
			sourceTree = "<group>";
		};
		935016552C493EF2004D7036 /* Components */ = {
			isa = PBXGroup;
			children = (
				935016562C493F1D004D7036 /* WeatherRow.swift */,
			);
			path = Components;
			sourceTree = "<group>";
		};
		9397B7152C47F37100633C50 /* Manager */ = {
			isa = PBXGroup;
			children = (
				9397B7162C47F39600633C50 /* LocationManager.swift */,
				9397B71D2C480D3300633C50 /* WeatherManager.swift */,
			);
			path = Manager;
			sourceTree = "<group>";
		};
		9397B7182C47F59F00633C50 /* Views */ = {
			isa = PBXGroup;
			children = (
				93B41D992C16EDA600D85DD6 /* ContentView.swift */,
				9397B7192C47F64600633C50 /* WelcomeView.swift */,
				9397B71B2C4806A600633C50 /* LoadingView.swift */,
				9350164B2C490F50004D7036 /* WeatherView.swift */,
			);
			path = Views;
			sourceTree = "<group>";
		};
		93B41D8B2C16EDA500D85DD6 = {
			isa = PBXGroup;
			children = (
				9324F51E2C495E8C00099450 /* screenshots */,
				93B41D962C16EDA600D85DD6 /* weather */,
				93B41DA72C16EDA800D85DD6 /* weatherTests */,
				93B41DB12C16EDA800D85DD6 /* weatherUITests */,
				93B41D952C16EDA500D85DD6 /* Products */,
			);
			sourceTree = "<group>";
		};
		93B41D952C16EDA500D85DD6 /* Products */ = {
			isa = PBXGroup;
			children = (
				93B41D942C16EDA500D85DD6 /* weather.app */,
				93B41DA42C16EDA800D85DD6 /* weatherTests.xctest */,
				93B41DAE2C16EDA800D85DD6 /* weatherUITests.xctest */,
			);
			name = Products;
			sourceTree = "<group>";
		};
		93B41D962C16EDA600D85DD6 /* weather */ = {
			isa = PBXGroup;
			children = (
				935016552C493EF2004D7036 /* Components */,
				9397B7182C47F59F00633C50 /* Views */,
				9397B7152C47F37100633C50 /* Manager */,
				93B41D972C16EDA600D85DD6 /* weatherApp.swift */,
				93B41D9B2C16EDA700D85DD6 /* Assets.xcassets */,
				93B41D9D2C16EDA700D85DD6 /* Preview Content */,
				935016532C49186D004D7036 /* Extensions.swift */,
			);
			path = weather;
			sourceTree = "<group>";
		};
		93B41D9D2C16EDA700D85DD6 /* Preview Content */ = {
			isa = PBXGroup;
			children = (
				93B41D9E2C16EDA700D85DD6 /* Preview Assets.xcassets */,
				9350164F2C4914A7004D7036 /* ModelData.swift */,
				935016512C4914E7004D7036 /* weatherData.json */,
			);
			path = "Preview Content";
			sourceTree = "<group>";
		};
		93B41DA72C16EDA800D85DD6 /* weatherTests */ = {
			isa = PBXGroup;
			children = (
				93B41DA82C16EDA800D85DD6 /* weatherTests.swift */,
			);
			path = weatherTests;
			sourceTree = "<group>";
		};
		93B41DB12C16EDA800D85DD6 /* weatherUITests */ = {
			isa = PBXGroup;
			children = (
				93B41DB22C16EDA800D85DD6 /* weatherUITests.swift */,
				93B41DB42C16EDA800D85DD6 /* weatherUITestsLaunchTests.swift */,
			);
			path = weatherUITests;
			sourceTree = "<group>";
		};
/* End PBXGroup section */

/* Begin PBXNativeTarget section */
		93B41D932C16EDA500D85DD6 /* weather */ = {
			isa = PBXNativeTarget;
			buildConfigurationList = 93B41DB82C16EDA800D85DD6 /* Build configuration list for PBXNativeTarget "weather" */;
			buildPhases = (
				93B41D902C16EDA500D85DD6 /* Sources */,
				93B41D912C16EDA500D85DD6 /* Frameworks */,
				93B41D922C16EDA500D85DD6 /* Resources */,
			);
			buildRules = (
			);
			dependencies = (
			);
			name = weather;
			productName = weather;
			productReference = 93B41D942C16EDA500D85DD6 /* weather.app */;
			productType = "com.apple.product-type.application";
		};
		93B41DA32C16EDA800D85DD6 /* weatherTests */ = {
			isa = PBXNativeTarget;
			buildConfigurationList = 93B41DBB2C16EDA800D85DD6 /* Build configuration list for PBXNativeTarget "weatherTests" */;
			buildPhases = (
				93B41DA02C16EDA800D85DD6 /* Sources */,
				93B41DA12C16EDA800D85DD6 /* Frameworks */,
				93B41DA22C16EDA800D85DD6 /* Resources */,
			);
			buildRules = (
			);
			dependencies = (
				93B41DA62C16EDA800D85DD6 /* PBXTargetDependency */,
			);
			name = weatherTests;
			productName = weatherTests;
			productReference = 93B41DA42C16EDA800D85DD6 /* weatherTests.xctest */;
			productType = "com.apple.product-type.bundle.unit-test";
		};
		93B41DAD2C16EDA800D85DD6 /* weatherUITests */ = {
			isa = PBXNativeTarget;
			buildConfigurationList = 93B41DBE2C16EDA800D85DD6 /* Build configuration list for PBXNativeTarget "weatherUITests" */;
			buildPhases = (
				93B41DAA2C16EDA800D85DD6 /* Sources */,
				93B41DAB2C16EDA800D85DD6 /* Frameworks */,
				93B41DAC2C16EDA800D85DD6 /* Resources */,
			);
			buildRules = (
			);
			dependencies = (
				93B41DB02C16EDA800D85DD6 /* PBXTargetDependency */,
			);
			name = weatherUITests;
			productName = weatherUITests;
			productReference = 93B41DAE2C16EDA800D85DD6 /* weatherUITests.xctest */;
			productType = "com.apple.product-type.bundle.ui-testing";
		};
/* End PBXNativeTarget section */

/* Begin PBXProject section */
		93B41D8C2C16EDA500D85DD6 /* Project object */ = {
			isa = PBXProject;
			attributes = {
				BuildIndependentTargetsInParallel = 1;
				LastSwiftUpdateCheck = 1520;
				LastUpgradeCheck = 1520;
				TargetAttributes = {
					93B41D932C16EDA500D85DD6 = {
						CreatedOnToolsVersion = 15.2;
					};
					93B41DA32C16EDA800D85DD6 = {
						CreatedOnToolsVersion = 15.2;
						TestTargetID = 93B41D932C16EDA500D85DD6;
					};
					93B41DAD2C16EDA800D85DD6 = {
						CreatedOnToolsVersion = 15.2;
						TestTargetID = 93B41D932C16EDA500D85DD6;
					};
				};
			};
			buildConfigurationList = 93B41D8F2C16EDA500D85DD6 /* Build configuration list for PBXProject "weather" */;
			compatibilityVersion = "Xcode 14.0";
			developmentRegion = en;
			hasScannedForEncodings = 0;
			knownRegions = (
				en,
				Base,
			);
			mainGroup = 93B41D8B2C16EDA500D85DD6;
			productRefGroup = 93B41D952C16EDA500D85DD6 /* Products */;
			projectDirPath = "";
			projectRoot = "";
			targets = (
				93B41D932C16EDA500D85DD6 /* weather */,
				93B41DA32C16EDA800D85DD6 /* weatherTests */,
				93B41DAD2C16EDA800D85DD6 /* weatherUITests */,
			);
		};
/* End PBXProject section */

/* Begin PBXResourcesBuildPhase section */
		93B41D922C16EDA500D85DD6 /* Resources */ = {
			isa = PBXResourcesBuildPhase;
			buildActionMask = 2147483647;
			files = (
				93B41D9F2C16EDA700D85DD6 /* Preview Assets.xcassets in Resources */,
				935016522C4914E7004D7036 /* weatherData.json in Resources */,
				93B41D9C2C16EDA700D85DD6 /* Assets.xcassets in Resources */,
			);
			runOnlyForDeploymentPostprocessing = 0;
		};
		93B41DA22C16EDA800D85DD6 /* Resources */ = {
			isa = PBXResourcesBuildPhase;
			buildActionMask = 2147483647;
			files = (
			);
			runOnlyForDeploymentPostprocessing = 0;
		};
		93B41DAC2C16EDA800D85DD6 /* Resources */ = {
			isa = PBXResourcesBuildPhase;
			buildActionMask = 2147483647;
			files = (
			);
			runOnlyForDeploymentPostprocessing = 0;
		};
/* End PBXResourcesBuildPhase section */

/* Begin PBXSourcesBuildPhase section */
		93B41D902C16EDA500D85DD6 /* Sources */ = {
			isa = PBXSourcesBuildPhase;
			buildActionMask = 2147483647;
			files = (
				9397B71E2C480D3300633C50 /* WeatherManager.swift in Sources */,
				935016542C49186D004D7036 /* Extensions.swift in Sources */,
				93B41D9A2C16EDA600D85DD6 /* ContentView.swift in Sources */,
				93B41D982C16EDA600D85DD6 /* weatherApp.swift in Sources */,
				9397B7172C47F39600633C50 /* LocationManager.swift in Sources */,
				935016572C493F1D004D7036 /* WeatherRow.swift in Sources */,
				9397B71C2C4806A600633C50 /* LoadingView.swift in Sources */,
				935016502C4914A7004D7036 /* ModelData.swift in Sources */,
				9350164C2C490F50004D7036 /* WeatherView.swift in Sources */,
				9397B71A2C47F64700633C50 /* WelcomeView.swift in Sources */,
			);
			runOnlyForDeploymentPostprocessing = 0;
		};
		93B41DA02C16EDA800D85DD6 /* Sources */ = {
			isa = PBXSourcesBuildPhase;
			buildActionMask = 2147483647;
			files = (
				93B41DA92C16EDA800D85DD6 /* weatherTests.swift in Sources */,
			);
			runOnlyForDeploymentPostprocessing = 0;
		};
		93B41DAA2C16EDA800D85DD6 /* Sources */ = {
			isa = PBXSourcesBuildPhase;
			buildActionMask = 2147483647;
			files = (
				93B41DB32C16EDA800D85DD6 /* weatherUITests.swift in Sources */,
				93B41DB52C16EDA800D85DD6 /* weatherUITestsLaunchTests.swift in Sources */,
			);
			runOnlyForDeploymentPostprocessing = 0;
		};
/* End PBXSourcesBuildPhase section */

/* Begin PBXTargetDependency section */
		93B41DA62C16EDA800D85DD6 /* PBXTargetDependency */ = {
			isa = PBXTargetDependency;
			target = 93B41D932C16EDA500D85DD6 /* weather */;
			targetProxy = 93B41DA52C16EDA800D85DD6 /* PBXContainerItemProxy */;
		};
		93B41DB02C16EDA800D85DD6 /* PBXTargetDependency */ = {
			isa = PBXTargetDependency;
			target = 93B41D932C16EDA500D85DD6 /* weather */;
			targetProxy = 93B41DAF2C16EDA800D85DD6 /* PBXContainerItemProxy */;
		};
/* End PBXTargetDependency section */

/* Begin XCBuildConfiguration section */
		93B41DB62C16EDA800D85DD6 /* Debug */ = {
			isa = XCBuildConfiguration;
			buildSettings = {
				ALWAYS_SEARCH_USER_PATHS = NO;
				ASSETCATALOG_COMPILER_GENERATE_SWIFT_ASSET_SYMBOL_EXTENSIONS = YES;
				CLANG_ANALYZER_NONNULL = YES;
				CLANG_ANALYZER_NUMBER_OBJECT_CONVERSION = YES_AGGRESSIVE;
				CLANG_CXX_LANGUAGE_STANDARD = "gnu++20";
				CLANG_ENABLE_MODULES = YES;
				CLANG_ENABLE_OBJC_ARC = YES;
				CLANG_ENABLE_OBJC_WEAK = YES;
				CLANG_WARN_BLOCK_CAPTURE_AUTORELEASING = YES;
				CLANG_WARN_BOOL_CONVERSION = YES;
				CLANG_WARN_COMMA = YES;
				CLANG_WARN_CONSTANT_CONVERSION = YES;
				CLANG_WARN_DEPRECATED_OBJC_IMPLEMENTATIONS = YES;
				CLANG_WARN_DIRECT_OBJC_ISA_USAGE = YES_ERROR;
				CLANG_WARN_DOCUMENTATION_COMMENTS = YES;
				CLANG_WARN_EMPTY_BODY = YES;
				CLANG_WARN_ENUM_CONVERSION = YES;
				CLANG_WARN_INFINITE_RECURSION = YES;
				CLANG_WARN_INT_CONVERSION = YES;
				CLANG_WARN_NON_LITERAL_NULL_CONVERSION = YES;
				CLANG_WARN_OBJC_IMPLICIT_RETAIN_SELF = YES;
				CLANG_WARN_OBJC_LITERAL_CONVERSION = YES;
				CLANG_WARN_OBJC_ROOT_CLASS = YES_ERROR;
				CLANG_WARN_QUOTED_INCLUDE_IN_FRAMEWORK_HEADER = YES;
				CLANG_WARN_RANGE_LOOP_ANALYSIS = YES;
				CLANG_WARN_STRICT_PROTOTYPES = YES;
				CLANG_WARN_SUSPICIOUS_MOVE = YES;
				CLANG_WARN_UNGUARDED_AVAILABILITY = YES_AGGRESSIVE;
				CLANG_WARN_UNREACHABLE_CODE = YES;
				CLANG_WARN__DUPLICATE_METHOD_MATCH = YES;
				COPY_PHASE_STRIP = NO;
				DEBUG_INFORMATION_FORMAT = dwarf;
				ENABLE_STRICT_OBJC_MSGSEND = YES;
				ENABLE_TESTABILITY = YES;
				ENABLE_USER_SCRIPT_SANDBOXING = YES;
				GCC_C_LANGUAGE_STANDARD = gnu17;
				GCC_DYNAMIC_NO_PIC = NO;
				GCC_NO_COMMON_BLOCKS = YES;
				GCC_OPTIMIZATION_LEVEL = 0;
				GCC_PREPROCESSOR_DEFINITIONS = (
					"DEBUG=1",
					"$(inherited)",
				);
				GCC_WARN_64_TO_32_BIT_CONVERSION = YES;
				GCC_WARN_ABOUT_RETURN_TYPE = YES_ERROR;
				GCC_WARN_UNDECLARED_SELECTOR = YES;
				GCC_WARN_UNINITIALIZED_AUTOS = YES_AGGRESSIVE;
				GCC_WARN_UNUSED_FUNCTION = YES;
				GCC_WARN_UNUSED_VARIABLE = YES;
				IPHONEOS_DEPLOYMENT_TARGET = 17.2;
				LOCALIZATION_PREFERS_STRING_CATALOGS = YES;
				MTL_ENABLE_DEBUG_INFO = INCLUDE_SOURCE;
				MTL_FAST_MATH = YES;
				ONLY_ACTIVE_ARCH = YES;
				SDKROOT = iphoneos;
				SWIFT_ACTIVE_COMPILATION_CONDITIONS = "DEBUG $(inherited)";
				SWIFT_OPTIMIZATION_LEVEL = "-Onone";
			};
			name = Debug;
		};
		93B41DB72C16EDA800D85DD6 /* Release */ = {
			isa = XCBuildConfiguration;
			buildSettings = {
				ALWAYS_SEARCH_USER_PATHS = NO;
				ASSETCATALOG_COMPILER_GENERATE_SWIFT_ASSET_SYMBOL_EXTENSIONS = YES;
				CLANG_ANALYZER_NONNULL = YES;
				CLANG_ANALYZER_NUMBER_OBJECT_CONVERSION = YES_AGGRESSIVE;
				CLANG_CXX_LANGUAGE_STANDARD = "gnu++20";
				CLANG_ENABLE_MODULES = YES;
				CLANG_ENABLE_OBJC_ARC = YES;
				CLANG_ENABLE_OBJC_WEAK = YES;
				CLANG_WARN_BLOCK_CAPTURE_AUTORELEASING = YES;
				CLANG_WARN_BOOL_CONVERSION = YES;
				CLANG_WARN_COMMA = YES;
				CLANG_WARN_CONSTANT_CONVERSION = YES;
				CLANG_WARN_DEPRECATED_OBJC_IMPLEMENTATIONS = YES;
				CLANG_WARN_DIRECT_OBJC_ISA_USAGE = YES_ERROR;
				CLANG_WARN_DOCUMENTATION_COMMENTS = YES;
				CLANG_WARN_EMPTY_BODY = YES;
				CLANG_WARN_ENUM_CONVERSION = YES;
				CLANG_WARN_INFINITE_RECURSION = YES;
				CLANG_WARN_INT_CONVERSION = YES;
				CLANG_WARN_NON_LITERAL_NULL_CONVERSION = YES;
				CLANG_WARN_OBJC_IMPLICIT_RETAIN_SELF = YES;
				CLANG_WARN_OBJC_LITERAL_CONVERSION = YES;
				CLANG_WARN_OBJC_ROOT_CLASS = YES_ERROR;
				CLANG_WARN_QUOTED_INCLUDE_IN_FRAMEWORK_HEADER = YES;
				CLANG_WARN_RANGE_LOOP_ANALYSIS = YES;
				CLANG_WARN_STRICT_PROTOTYPES = YES;
				CLANG_WARN_SUSPICIOUS_MOVE = YES;
				CLANG_WARN_UNGUARDED_AVAILABILITY = YES_AGGRESSIVE;
				CLANG_WARN_UNREACHABLE_CODE = YES;
				CLANG_WARN__DUPLICATE_METHOD_MATCH = YES;
				COPY_PHASE_STRIP = NO;
				DEBUG_INFORMATION_FORMAT = "dwarf-with-dsym";
				ENABLE_NS_ASSERTIONS = NO;
				ENABLE_STRICT_OBJC_MSGSEND = YES;
				ENABLE_USER_SCRIPT_SANDBOXING = YES;
				GCC_C_LANGUAGE_STANDARD = gnu17;
				GCC_NO_COMMON_BLOCKS = YES;
				GCC_WARN_64_TO_32_BIT_CONVERSION = YES;
				GCC_WARN_ABOUT_RETURN_TYPE = YES_ERROR;
				GCC_WARN_UNDECLARED_SELECTOR = YES;
				GCC_WARN_UNINITIALIZED_AUTOS = YES_AGGRESSIVE;
				GCC_WARN_UNUSED_FUNCTION = YES;
				GCC_WARN_UNUSED_VARIABLE = YES;
				IPHONEOS_DEPLOYMENT_TARGET = 17.2;
				LOCALIZATION_PREFERS_STRING_CATALOGS = YES;
				MTL_ENABLE_DEBUG_INFO = NO;
				MTL_FAST_MATH = YES;
				SDKROOT = iphoneos;
				SWIFT_COMPILATION_MODE = wholemodule;
				VALIDATE_PRODUCT = YES;
			};
			name = Release;
		};
		93B41DB92C16EDA800D85DD6 /* Debug */ = {
			isa = XCBuildConfiguration;
			buildSettings = {
				ASSETCATALOG_COMPILER_APPICON_NAME = AppIcon;
				ASSETCATALOG_COMPILER_GLOBAL_ACCENT_COLOR_NAME = AccentColor;
				CODE_SIGN_STYLE = Automatic;
				CURRENT_PROJECT_VERSION = 1;
				DEVELOPMENT_ASSET_PATHS = "\"weather/Preview Content\"";
				DEVELOPMENT_TEAM = AF45UURM92;
				ENABLE_PREVIEWS = YES;
				GENERATE_INFOPLIST_FILE = YES;
				INFOPLIST_KEY_UIApplicationSceneManifest_Generation = YES;
				INFOPLIST_KEY_UIApplicationSupportsIndirectInputEvents = YES;
				INFOPLIST_KEY_UILaunchScreen_Generation = YES;
				INFOPLIST_KEY_UISupportedInterfaceOrientations_iPad = "UIInterfaceOrientationPortrait UIInterfaceOrientationPortraitUpsideDown UIInterfaceOrientationLandscapeLeft UIInterfaceOrientationLandscapeRight";
				INFOPLIST_KEY_UISupportedInterfaceOrientations_iPhone = "UIInterfaceOrientationPortrait UIInterfaceOrientationLandscapeLeft UIInterfaceOrientationLandscapeRight";
				LD_RUNPATH_SEARCH_PATHS = (
					"$(inherited)",
					"@executable_path/Frameworks",
				);
				MARKETING_VERSION = 1.0;
				PRODUCT_BUNDLE_IDENTIFIER = co.weather;
				PRODUCT_NAME = "$(TARGET_NAME)";
				SWIFT_EMIT_LOC_STRINGS = YES;
				SWIFT_VERSION = 5.0;
				TARGETED_DEVICE_FAMILY = "1,2";
			};
			name = Debug;
		};
		93B41DBA2C16EDA800D85DD6 /* Release */ = {
			isa = XCBuildConfiguration;
			buildSettings = {
				ASSETCATALOG_COMPILER_APPICON_NAME = AppIcon;
				ASSETCATALOG_COMPILER_GLOBAL_ACCENT_COLOR_NAME = AccentColor;
				CODE_SIGN_STYLE = Automatic;
				CURRENT_PROJECT_VERSION = 1;
				DEVELOPMENT_ASSET_PATHS = "\"weather/Preview Content\"";
				DEVELOPMENT_TEAM = AF45UURM92;
				ENABLE_PREVIEWS = YES;
				GENERATE_INFOPLIST_FILE = YES;
				INFOPLIST_KEY_UIApplicationSceneManifest_Generation = YES;
				INFOPLIST_KEY_UIApplicationSupportsIndirectInputEvents = YES;
				INFOPLIST_KEY_UILaunchScreen_Generation = YES;
				INFOPLIST_KEY_UISupportedInterfaceOrientations_iPad = "UIInterfaceOrientationPortrait UIInterfaceOrientationPortraitUpsideDown UIInterfaceOrientationLandscapeLeft UIInterfaceOrientationLandscapeRight";
				INFOPLIST_KEY_UISupportedInterfaceOrientations_iPhone = "UIInterfaceOrientationPortrait UIInterfaceOrientationLandscapeLeft UIInterfaceOrientationLandscapeRight";
				LD_RUNPATH_SEARCH_PATHS = (
					"$(inherited)",
					"@executable_path/Frameworks",
				);
				MARKETING_VERSION = 1.0;
				PRODUCT_BUNDLE_IDENTIFIER = co.weather;
				PRODUCT_NAME = "$(TARGET_NAME)";
				SWIFT_EMIT_LOC_STRINGS = YES;
				SWIFT_VERSION = 5.0;
				TARGETED_DEVICE_FAMILY = "1,2";
			};
			name = Release;
		};
		93B41DBC2C16EDA800D85DD6 /* Debug */ = {
			isa = XCBuildConfiguration;
			buildSettings = {
				ALWAYS_EMBED_SWIFT_STANDARD_LIBRARIES = YES;
				BUNDLE_LOADER = "$(TEST_HOST)";
				CODE_SIGN_STYLE = Automatic;
				CURRENT_PROJECT_VERSION = 1;
				DEVELOPMENT_TEAM = AF45UURM92;
				GENERATE_INFOPLIST_FILE = YES;
				IPHONEOS_DEPLOYMENT_TARGET = 17.2;
				MARKETING_VERSION = 1.0;
				PRODUCT_BUNDLE_IDENTIFIER = co.weatherTests;
				PRODUCT_NAME = "$(TARGET_NAME)";
				SWIFT_EMIT_LOC_STRINGS = NO;
				SWIFT_VERSION = 5.0;
				TARGETED_DEVICE_FAMILY = "1,2";
				TEST_HOST = "$(BUILT_PRODUCTS_DIR)/weather.app/$(BUNDLE_EXECUTABLE_FOLDER_PATH)/weather";
			};
			name = Debug;
		};
		93B41DBD2C16EDA800D85DD6 /* Release */ = {
			isa = XCBuildConfiguration;
			buildSettings = {
				ALWAYS_EMBED_SWIFT_STANDARD_LIBRARIES = YES;
				BUNDLE_LOADER = "$(TEST_HOST)";
				CODE_SIGN_STYLE = Automatic;
				CURRENT_PROJECT_VERSION = 1;
				DEVELOPMENT_TEAM = AF45UURM92;
				GENERATE_INFOPLIST_FILE = YES;
				IPHONEOS_DEPLOYMENT_TARGET = 17.2;
				MARKETING_VERSION = 1.0;
				PRODUCT_BUNDLE_IDENTIFIER = co.weatherTests;
				PRODUCT_NAME = "$(TARGET_NAME)";
				SWIFT_EMIT_LOC_STRINGS = NO;
				SWIFT_VERSION = 5.0;
				TARGETED_DEVICE_FAMILY = "1,2";
				TEST_HOST = "$(BUILT_PRODUCTS_DIR)/weather.app/$(BUNDLE_EXECUTABLE_FOLDER_PATH)/weather";
			};
			name = Release;
		};
		93B41DBF2C16EDA800D85DD6 /* Debug */ = {
			isa = XCBuildConfiguration;
			buildSettings = {
				ALWAYS_EMBED_SWIFT_STANDARD_LIBRARIES = YES;
				CODE_SIGN_STYLE = Automatic;
				CURRENT_PROJECT_VERSION = 1;
				DEVELOPMENT_TEAM = AF45UURM92;
				GENERATE_INFOPLIST_FILE = YES;
				MARKETING_VERSION = 1.0;
				PRODUCT_BUNDLE_IDENTIFIER = co.weatherUITests;
				PRODUCT_NAME = "$(TARGET_NAME)";
				SWIFT_EMIT_LOC_STRINGS = NO;
				SWIFT_VERSION = 5.0;
				TARGETED_DEVICE_FAMILY = "1,2";
				TEST_TARGET_NAME = weather;
			};
			name = Debug;
		};
		93B41DC02C16EDA800D85DD6 /* Release */ = {
			isa = XCBuildConfiguration;
			buildSettings = {
				ALWAYS_EMBED_SWIFT_STANDARD_LIBRARIES = YES;
				CODE_SIGN_STYLE = Automatic;
				CURRENT_PROJECT_VERSION = 1;
				DEVELOPMENT_TEAM = AF45UURM92;
				GENERATE_INFOPLIST_FILE = YES;
				MARKETING_VERSION = 1.0;
				PRODUCT_BUNDLE_IDENTIFIER = co.weatherUITests;
				PRODUCT_NAME = "$(TARGET_NAME)";
				SWIFT_EMIT_LOC_STRINGS = NO;
				SWIFT_VERSION = 5.0;
				TARGETED_DEVICE_FAMILY = "1,2";
				TEST_TARGET_NAME = weather;
			};
			name = Release;
		};
/* End XCBuildConfiguration section */

/* Begin XCConfigurationList section */
		93B41D8F2C16EDA500D85DD6 /* Build configuration list for PBXProject "weather" */ = {
			isa = XCConfigurationList;
			buildConfigurations = (
				93B41DB62C16EDA800D85DD6 /* Debug */,
				93B41DB72C16EDA800D85DD6 /* Release */,
			);
			defaultConfigurationIsVisible = 0;
			defaultConfigurationName = Release;
		};
		93B41DB82C16EDA800D85DD6 /* Build configuration list for PBXNativeTarget "weather" */ = {
			isa = XCConfigurationList;
			buildConfigurations = (
				93B41DB92C16EDA800D85DD6 /* Debug */,
				93B41DBA2C16EDA800D85DD6 /* Release */,
			);
			defaultConfigurationIsVisible = 0;
			defaultConfigurationName = Release;
		};
		93B41DBB2C16EDA800D85DD6 /* Build configuration list for PBXNativeTarget "weatherTests" */ = {
			isa = XCConfigurationList;
			buildConfigurations = (
				93B41DBC2C16EDA800D85DD6 /* Debug */,
				93B41DBD2C16EDA800D85DD6 /* Release */,
			);
			defaultConfigurationIsVisible = 0;
			defaultConfigurationName = Release;
		};
		93B41DBE2C16EDA800D85DD6 /* Build configuration list for PBXNativeTarget "weatherUITests" */ = {
			isa = XCConfigurationList;
			buildConfigurations = (
				93B41DBF2C16EDA800D85DD6 /* Debug */,
				93B41DC02C16EDA800D85DD6 /* Release */,
			);
			defaultConfigurationIsVisible = 0;
			defaultConfigurationName = Release;
		};
/* End XCConfigurationList section */
	};
	rootObject = 93B41D8C2C16EDA500D85DD6 /* Project object */;
}
